
Microsoft Visual Studio Solution File, Format Version 12.00
# Visual Studio Version 17
VisualStudioVersion = 17.11.35219.272
MinimumVisualStudioVersion = 10.0.40219.1
Project("{FAE04EC0-301F-11D3-BF4B-00C04F79EFBC}") = "Encapsulation", "Encapsulation\Encapsulation.csproj", "{E5ACA257-6FFA-4ED0-8368-46D3DFD9682F}"
EndProject
Project("{FAE04EC0-301F-11D3-BF4B-00C04F79EFBC}") = "Fraction", "Fraction\Fraction.csproj", "{16E3501D-3E03-478E-B739-6433B2D6A8A5}"
EndProject
Global
	GlobalSection(SolutionConfigurationPlatforms) = preSolution
		Debug|Any CPU = Debug|Any CPU
		Release|Any CPU = Release|Any CPU
	EndGlobalSection
	GlobalSection(ProjectConfigurationPlatforms) = postSolution
		{E5ACA257-6FFA-4ED0-8368-46D3DFD9682F}.Debug|Any CPU.ActiveCfg = Debug|Any CPU
		{E5ACA257-6FFA-4ED0-8368-46D3DFD9682F}.Debug|Any CPU.Build.0 = Debug|Any CPU
		{E5ACA257-6FFA-4ED0-8368-46D3DFD9682F}.Release|Any CPU.ActiveCfg = Release|Any CPU
		{E5ACA257-6FFA-4ED0-8368-46D3DFD9682F}.Release|Any CPU.Build.0 = Release|Any CPU
		{16E3501D-3E03-478E-B739-6433B2D6A8A5}.Debug|Any CPU.ActiveCfg = Debug|Any CPU
		{16E3501D-3E03-478E-B739-6433B2D6A8A5}.Debug|Any CPU.Build.0 = Debug|Any CPU
		{16E3501D-3E03-478E-B739-6433B2D6A8A5}.Release|Any CPU.ActiveCfg = Release|Any CPU
		{16E3501D-3E03-478E-B739-6433B2D6A8A5}.Release|Any CPU.Build.0 = Release|Any CPU
	EndGlobalSection
	GlobalSection(SolutionProperties) = preSolution
		HideSolutionNode = FALSE
	EndGlobalSection
	GlobalSection(ExtensibilityGlobals) = postSolution
		SolutionGuid = {2FE6D225-54E9-4C44-B56B-FF8D4BA33475}
	EndGlobalSection
EndGlobal
